
Microsoft Visual Studio Solution File, Format Version 12.00
# Visual Studio Version 16
VisualStudioVersion = 16.0.31702.278
MinimumVisualStudioVersion = 10.0.40219.1
Project("{FAE04EC0-301F-11D3-BF4B-00C04F79EFBC}") = "07ShoppingSpree", "07ShoppingSpree\07ShoppingSpree.csproj", "{B230FE47-B5E2-4798-A794-ACAB1E44BAB4}"
EndProject
Global
	GlobalSection(SolutionConfigurationPlatforms) = preSolution
		Debug|Any CPU = Debug|Any CPU
		Release|Any CPU = Release|Any CPU
	EndGlobalSection
	GlobalSection(ProjectConfigurationPlatforms) = postSolution
		{B230FE47-B5E2-4798-A794-ACAB1E44BAB4}.Debug|Any CPU.ActiveCfg = Debug|Any CPU
		{B230FE47-B5E2-4798-A794-ACAB1E44BAB4}.Debug|Any CPU.Build.0 = Debug|Any CPU
		{B230FE47-B5E2-4798-A794-ACAB1E44BAB4}.Release|Any CPU.ActiveCfg = Release|Any CPU
		{B230FE47-B5E2-4798-A794-ACAB1E44BAB4}.Release|Any CPU.Build.0 = Release|Any CPU
	EndGlobalSection
	GlobalSection(SolutionProperties) = preSolution
		HideSolutionNode = FALSE
	EndGlobalSection
	GlobalSection(ExtensibilityGlobals) = postSolution
		SolutionGuid = {A09E04F6-08C3-4E14-9CAE-B3C0FD408870}
	EndGlobalSection
EndGlobal
